
Microsoft Visual Studio Solution File, Format Version 12.00
# Visual Studio 15
VisualStudioVersion = 15.0.27004.2008
MinimumVisualStudioVersion = 10.0.40219.1
Project("{FAE04EC0-301F-11D3-BF4B-00C04F79EFBC}") = "ConsoleApp2", "ConsoleApp2\ConsoleApp2.csproj", "{68B1C7C4-326E-4BDE-9A1B-003192927C6F}"
EndProject
Global
	GlobalSection(SolutionConfigurationPlatforms) = preSolution
		Debug|Any CPU = Debug|Any CPU
		Release|Any CPU = Release|Any CPU
	EndGlobalSection
	GlobalSection(ProjectConfigurationPlatforms) = postSolution
		{68B1C7C4-326E-4BDE-9A1B-003192927C6F}.Debug|Any CPU.ActiveCfg = Debug|Any CPU
		{68B1C7C4-326E-4BDE-9A1B-003192927C6F}.Debug|Any CPU.Build.0 = Debug|Any CPU
		{68B1C7C4-326E-4BDE-9A1B-003192927C6F}.Release|Any CPU.ActiveCfg = Release|Any CPU
		{68B1C7C4-326E-4BDE-9A1B-003192927C6F}.Release|Any CPU.Build.0 = Release|Any CPU
	EndGlobalSection
	GlobalSection(SolutionProperties) = preSolution
		HideSolutionNode = FALSE
	EndGlobalSection
	GlobalSection(ExtensibilityGlobals) = postSolution
		SolutionGuid = {6D85200A-83A1-45E6-9333-D4BFD1732E09}
	EndGlobalSection
EndGlobal
